
Microsoft Visual Studio Solution File, Format Version 12.00
# Visual Studio Version 17
VisualStudioVersion = 17.3.32929.385
MinimumVisualStudioVersion = 10.0.40219.1
Project("{FAE04EC0-301F-11D3-BF4B-00C04F79EFBC}") = "ZPresentacionPru", "Presentacion\ZPresentacionPru.csproj", "{289BB9C5-5ED9-4E2A-B7C5-EB42247F8A01}"
EndProject
Project("{FAE04EC0-301F-11D3-BF4B-00C04F79EFBC}") = "Entidades", "Entidades\Entidades.csproj", "{0B295BA8-BBB9-405C-B3E4-7FDD70E381FC}"
EndProject
Project("{FAE04EC0-301F-11D3-BF4B-00C04F79EFBC}") = "Presentacion", "Grafica\Presentacion.csproj", "{B5B5E4FE-BEDF-4C3C-BCC1-85D0E8B61314}"
EndProject
Project("{FAE04EC0-301F-11D3-BF4B-00C04F79EFBC}") = "Datos", "Datos\Datos.csproj", "{55418DDD-2060-4914-B3BC-43EEEF9B52CF}"
EndProject
Project("{FAE04EC0-301F-11D3-BF4B-00C04F79EFBC}") = "Logica", "Logica\Logica.csproj", "{EF718267-F9B8-4D51-B92C-58F38AB97FE6}"
EndProject
Global
	GlobalSection(SolutionConfigurationPlatforms) = preSolution
		Debug|Any CPU = Debug|Any CPU
		Release|Any CPU = Release|Any CPU
	EndGlobalSection
	GlobalSection(ProjectConfigurationPlatforms) = postSolution
		{289BB9C5-5ED9-4E2A-B7C5-EB42247F8A01}.Debug|Any CPU.ActiveCfg = Debug|Any CPU
		{289BB9C5-5ED9-4E2A-B7C5-EB42247F8A01}.Debug|Any CPU.Build.0 = Debug|Any CPU
		{289BB9C5-5ED9-4E2A-B7C5-EB42247F8A01}.Release|Any CPU.ActiveCfg = Release|Any CPU
		{289BB9C5-5ED9-4E2A-B7C5-EB42247F8A01}.Release|Any CPU.Build.0 = Release|Any CPU
		{0B295BA8-BBB9-405C-B3E4-7FDD70E381FC}.Debug|Any CPU.ActiveCfg = Debug|Any CPU
		{0B295BA8-BBB9-405C-B3E4-7FDD70E381FC}.Debug|Any CPU.Build.0 = Debug|Any CPU
		{0B295BA8-BBB9-405C-B3E4-7FDD70E381FC}.Release|Any CPU.ActiveCfg = Release|Any CPU
		{0B295BA8-BBB9-405C-B3E4-7FDD70E381FC}.Release|Any CPU.Build.0 = Release|Any CPU
		{B5B5E4FE-BEDF-4C3C-BCC1-85D0E8B61314}.Debug|Any CPU.ActiveCfg = Debug|Any CPU
		{B5B5E4FE-BEDF-4C3C-BCC1-85D0E8B61314}.Debug|Any CPU.Build.0 = Debug|Any CPU
		{B5B5E4FE-BEDF-4C3C-BCC1-85D0E8B61314}.Release|Any CPU.ActiveCfg = Release|Any CPU
		{B5B5E4FE-BEDF-4C3C-BCC1-85D0E8B61314}.Release|Any CPU.Build.0 = Release|Any CPU
		{55418DDD-2060-4914-B3BC-43EEEF9B52CF}.Debug|Any CPU.ActiveCfg = Debug|Any CPU
		{55418DDD-2060-4914-B3BC-43EEEF9B52CF}.Debug|Any CPU.Build.0 = Debug|Any CPU
		{55418DDD-2060-4914-B3BC-43EEEF9B52CF}.Release|Any CPU.ActiveCfg = Release|Any CPU
		{55418DDD-2060-4914-B3BC-43EEEF9B52CF}.Release|Any CPU.Build.0 = Release|Any CPU
		{EF718267-F9B8-4D51-B92C-58F38AB97FE6}.Debug|Any CPU.ActiveCfg = Debug|Any CPU
		{EF718267-F9B8-4D51-B92C-58F38AB97FE6}.Debug|Any CPU.Build.0 = Debug|Any CPU
		{EF718267-F9B8-4D51-B92C-58F38AB97FE6}.Release|Any CPU.ActiveCfg = Release|Any CPU
		{EF718267-F9B8-4D51-B92C-58F38AB97FE6}.Release|Any CPU.Build.0 = Release|Any CPU
	EndGlobalSection
	GlobalSection(SolutionProperties) = preSolution
		HideSolutionNode = FALSE
	EndGlobalSection
	GlobalSection(ExtensibilityGlobals) = postSolution
		SolutionGuid = {10D8DE98-D5C4-46BD-BC35-BA7F19A8ECE7}
	EndGlobalSection
EndGlobal
